
Microsoft Visual Studio Solution File, Format Version 12.00
Project("{FAE04EC0-301F-11D3-BF4B-00C04F79EFBC}") = "NormiesRe", "NormiesRe.csproj", "{729B6B99-5122-42D4-A036-AE6722689176}"
EndProject
Global
	GlobalSection(SolutionConfigurationPlatforms) = preSolution
		Debug|Any CPU = Debug|Any CPU
		Release|Any CPU = Release|Any CPU
	EndGlobalSection
	GlobalSection(ProjectConfigurationPlatforms) = postSolution
		{729B6B99-5122-42D4-A036-AE6722689176}.Debug|Any CPU.ActiveCfg = Debug|Any CPU
		{729B6B99-5122-42D4-A036-AE6722689176}.Debug|Any CPU.Build.0 = Debug|Any CPU
		{729B6B99-5122-42D4-A036-AE6722689176}.Release|Any CPU.ActiveCfg = Release|Any CPU
		{729B6B99-5122-42D4-A036-AE6722689176}.Release|Any CPU.Build.0 = Release|Any CPU
	EndGlobalSection
EndGlobal
